{
  "version": 4,
  "terraform_version": "1.1.7",
  "serial": 121,
  "lineage": "83f01630-3306-0f00-0211-a68ece1cf02f",
  "outputs": {},
  "resources": [
    {
      "mode": "data",
      "type": "azurerm_public_ip",
      "name": "ipexercicioInfradata",
      "provider": "provider[\"registry.terraform.io/hashicorp/azurerm\"]",
      "instances": [
        {
          "schema_version": 0,
          "attributes": {
            "allocation_method": "Static",
            "domain_name_label": "",
            "fqdn": "",
            "id": "/subscriptions/4a07c3ac-2897-4e40-b9f0-72c0d6eaaa0f/resourceGroups/exercicioInfraCloundTerra/providers/Microsoft.Network/publicIPAddresses/publicIp",
            "idle_timeout_in_minutes": 4,
            "ip_address": "52.165.161.44",
            "ip_tags": {},
            "ip_version": "IPv4",
            "location": "centralus",
            "name": "publicIp",
            "resource_group_name": "exercicioInfraCloundTerra",
            "reverse_fqdn": "",
            "sku": "Basic",
            "tags": {},
            "timeouts": null,
            "zones": []
          },
          "sensitive_attributes": []
        }
      ]
    },
    {
      "mode": "managed",
      "type": "azurerm_linux_virtual_machine",
      "name": "vmExercicioInfra",
      "provider": "provider[\"registry.terraform.io/hashicorp/azurerm\"]",
      "instances": [
        {
          "schema_version": 0,
          "attributes": {
            "additional_capabilities": [],
            "admin_password": "Password1234!",
            "admin_ssh_key": [],
            "admin_username": "adminuser",
            "allow_extension_operations": true,
            "availability_set_id": "",
            "boot_diagnostics": [
              {
                "storage_account_uri": "https://saexercicioinfra.blob.core.windows.net/"
              }
            ],
            "computer_name": "myvm",
            "custom_data": null,
            "dedicated_host_group_id": "",
            "dedicated_host_id": "",
            "disable_password_authentication": false,
            "edge_zone": "",
            "encryption_at_host_enabled": false,
            "eviction_policy": "",
            "extensions_time_budget": "PT1H30M",
            "id": "/subscriptions/4a07c3ac-2897-4e40-b9f0-72c0d6eaaa0f/resourceGroups/exercicioInfraCloundTerra/providers/Microsoft.Compute/virtualMachines/myvm",
            "identity": [],
            "license_type": "",
            "location": "centralus",
            "max_bid_price": -1,
            "name": "myvm",
            "network_interface_ids": [
              "/subscriptions/4a07c3ac-2897-4e40-b9f0-72c0d6eaaa0f/resourceGroups/exercicioInfraCloundTerra/providers/Microsoft.Network/networkInterfaces/nic"
            ],
            "os_disk": [
              {
                "caching": "ReadWrite",
                "diff_disk_settings": [],
                "disk_encryption_set_id": "",
                "disk_size_gb": 30,
                "name": "mydisk",
                "storage_account_type": "Premium_LRS",
                "write_accelerator_enabled": false
              }
            ],
            "patch_mode": "ImageDefault",
            "plan": [],
            "platform_fault_domain": -1,
            "priority": "Regular",
            "private_ip_address": "10.0.1.4",
            "private_ip_addresses": [
              "10.0.1.4"
            ],
            "provision_vm_agent": true,
            "proximity_placement_group_id": "",
            "public_ip_address": "52.165.161.44",
            "public_ip_addresses": [
              "52.165.161.44"
            ],
            "resource_group_name": "exercicioInfraCloundTerra",
            "secret": [],
            "secure_boot_enabled": false,
            "size": "Standard_D2ads_v5",
            "source_image_id": "",
            "source_image_reference": [
              {
                "offer": "UbuntuServer",
                "publisher": "Canonical",
                "sku": "16.04-LTS",
                "version": "latest"
              }
            ],
            "tags": {},
            "termination_notification": [],
            "timeouts": null,
            "user_data": "",
            "virtual_machine_id": "b7a26a0e-c466-452f-8e17-af85294f154a",
            "virtual_machine_scale_set_id": "",
            "vtpm_enabled": false,
            "zone": ""
          },
          "sensitive_attributes": [],
          "private": "eyJlMmJmYjczMC1lY2FhLTExZTYtOGY4OC0zNDM2M2JjN2M0YzAiOnsiY3JlYXRlIjoyNzAwMDAwMDAwMDAwLCJkZWxldGUiOjI3MDAwMDAwMDAwMDAsInJlYWQiOjMwMDAwMDAwMDAwMCwidXBkYXRlIjoyNzAwMDAwMDAwMDAwfX0=",
          "dependencies": [
            "azurerm_network_interface.nicExercicioInfra",
            "azurerm_public_ip.ipExercicioInfra",
            "azurerm_resource_group.rg-exercicioInfra",
            "azurerm_storage_account.saExercicioInfra",
            "azurerm_subnet.subExercicioInfra",
            "azurerm_virtual_network.vnet-exercicioInfra"
          ]
        }
      ]
    },
    {
      "mode": "managed",
      "type": "azurerm_network_interface",
      "name": "nicExercicioInfra",
      "provider": "provider[\"registry.terraform.io/hashicorp/azurerm\"]",
      "instances": [
        {
          "schema_version": 0,
          "attributes": {
            "applied_dns_servers": [],
            "dns_servers": [],
            "edge_zone": "",
            "enable_accelerated_networking": false,
            "enable_ip_forwarding": false,
            "id": "/subscriptions/4a07c3ac-2897-4e40-b9f0-72c0d6eaaa0f/resourceGroups/exercicioInfraCloundTerra/providers/Microsoft.Network/networkInterfaces/nic",
            "internal_dns_name_label": "",
            "internal_domain_name_suffix": "nhnxj0srvoaeda12zd0zldnqfe.gx.internal.cloudapp.net",
            "ip_configuration": [
              {
                "gateway_load_balancer_frontend_ip_configuration_id": "",
                "name": "nic-ip",
                "primary": true,
                "private_ip_address": "10.0.1.4",
                "private_ip_address_allocation": "Dynamic",
                "private_ip_address_version": "IPv4",
                "public_ip_address_id": "/subscriptions/4a07c3ac-2897-4e40-b9f0-72c0d6eaaa0f/resourceGroups/exercicioInfraCloundTerra/providers/Microsoft.Network/publicIPAddresses/publicIp",
                "subnet_id": "/subscriptions/4a07c3ac-2897-4e40-b9f0-72c0d6eaaa0f/resourceGroups/exercicioInfraCloundTerra/providers/Microsoft.Network/virtualNetworks/vnet/subnets/subnet"
              }
            ],
            "location": "centralus",
            "mac_address": "00-22-48-4A-AF-0E",
            "name": "nic",
            "private_ip_address": "10.0.1.4",
            "private_ip_addresses": [
              "10.0.1.4"
            ],
            "resource_group_name": "exercicioInfraCloundTerra",
            "tags": {},
            "timeouts": null,
            "virtual_machine_id": "/subscriptions/4a07c3ac-2897-4e40-b9f0-72c0d6eaaa0f/resourceGroups/exercicioInfraCloundTerra/providers/Microsoft.Compute/virtualMachines/myvm"
          },
          "sensitive_attributes": [],
          "private": "eyJlMmJmYjczMC1lY2FhLTExZTYtOGY4OC0zNDM2M2JjN2M0YzAiOnsiY3JlYXRlIjoxODAwMDAwMDAwMDAwLCJkZWxldGUiOjE4MDAwMDAwMDAwMDAsInJlYWQiOjMwMDAwMDAwMDAwMCwidXBkYXRlIjoxODAwMDAwMDAwMDAwfX0=",
          "dependencies": [
            "azurerm_public_ip.ipExercicioInfra",
            "azurerm_resource_group.rg-exercicioInfra",
            "azurerm_subnet.subExercicioInfra",
            "azurerm_virtual_network.vnet-exercicioInfra"
          ]
        }
      ]
    },
    {
      "mode": "managed",
      "type": "azurerm_network_interface_security_group_association",
      "name": "nic-nsg-ExercicioInfra",
      "provider": "provider[\"registry.terraform.io/hashicorp/azurerm\"]",
      "instances": [
        {
          "schema_version": 0,
          "attributes": {
            "id": "/subscriptions/4a07c3ac-2897-4e40-b9f0-72c0d6eaaa0f/resourceGroups/exercicioInfraCloundTerra/providers/Microsoft.Network/networkInterfaces/nic|/subscriptions/4a07c3ac-2897-4e40-b9f0-72c0d6eaaa0f/resourceGroups/exercicioInfraCloundTerra/providers/Microsoft.Network/networkSecurityGroups/nsg",
            "network_interface_id": "/subscriptions/4a07c3ac-2897-4e40-b9f0-72c0d6eaaa0f/resourceGroups/exercicioInfraCloundTerra/providers/Microsoft.Network/networkInterfaces/nic",
            "network_security_group_id": "/subscriptions/4a07c3ac-2897-4e40-b9f0-72c0d6eaaa0f/resourceGroups/exercicioInfraCloundTerra/providers/Microsoft.Network/networkSecurityGroups/nsg",
            "timeouts": null
          },
          "sensitive_attributes": [],
          "private": "eyJlMmJmYjczMC1lY2FhLTExZTYtOGY4OC0zNDM2M2JjN2M0YzAiOnsiY3JlYXRlIjoxODAwMDAwMDAwMDAwLCJkZWxldGUiOjE4MDAwMDAwMDAwMDAsInJlYWQiOjMwMDAwMDAwMDAwMCwidXBkYXRlIjoxODAwMDAwMDAwMDAwfX0=",
          "dependencies": [
            "azurerm_network_interface.nicExercicioInfra",
            "azurerm_network_security_group.nsgExercicioInfra",
            "azurerm_public_ip.ipExercicioInfra",
            "azurerm_resource_group.rg-exercicioInfra",
            "azurerm_subnet.subExercicioInfra",
            "azurerm_virtual_network.vnet-exercicioInfra"
          ]
        }
      ]
    },
    {
      "mode": "managed",
      "type": "azurerm_network_security_group",
      "name": "nsgExercicioInfra",
      "provider": "provider[\"registry.terraform.io/hashicorp/azurerm\"]",
      "instances": [
        {
          "schema_version": 0,
          "attributes": {
            "id": "/subscriptions/4a07c3ac-2897-4e40-b9f0-72c0d6eaaa0f/resourceGroups/exercicioInfraCloundTerra/providers/Microsoft.Network/networkSecurityGroups/nsg",
            "location": "centralus",
            "name": "nsg",
            "resource_group_name": "exercicioInfraCloundTerra",
            "security_rule": [
              {
                "access": "Allow",
                "description": "",
                "destination_address_prefix": "*",
                "destination_address_prefixes": [],
                "destination_application_security_group_ids": [],
                "destination_port_range": "80",
                "destination_port_ranges": [],
                "direction": "Inbound",
                "name": "Web",
                "priority": 1001,
                "protocol": "Tcp",
                "source_address_prefix": "*",
                "source_address_prefixes": [],
                "source_application_security_group_ids": [],
                "source_port_range": "*",
                "source_port_ranges": []
              },
              {
                "access": "Allow",
                "description": null,
                "destination_address_prefix": "*",
                "destination_address_prefixes": [],
                "destination_application_security_group_ids": [],
                "destination_port_range": "22",
                "destination_port_ranges": [],
                "direction": "Inbound",
                "name": "SSH",
                "priority": 100,
                "protocol": "Tcp",
                "source_address_prefix": "*",
                "source_address_prefixes": [],
                "source_application_security_group_ids": [],
                "source_port_range": "*",
                "source_port_ranges": []
              }
            ],
            "tags": {
              "faculdade": "Impacta"
            },
            "timeouts": null
          },
          "sensitive_attributes": [],
          "private": "eyJlMmJmYjczMC1lY2FhLTExZTYtOGY4OC0zNDM2M2JjN2M0YzAiOnsiY3JlYXRlIjoxODAwMDAwMDAwMDAwLCJkZWxldGUiOjE4MDAwMDAwMDAwMDAsInJlYWQiOjMwMDAwMDAwMDAwMCwidXBkYXRlIjoxODAwMDAwMDAwMDAwfX0=",
          "dependencies": [
            "azurerm_resource_group.rg-exercicioInfra"
          ]
        }
      ]
    },
    {
      "mode": "managed",
      "type": "azurerm_public_ip",
      "name": "ipExercicioInfra",
      "provider": "provider[\"registry.terraform.io/hashicorp/azurerm\"]",
      "instances": [
        {
          "schema_version": 0,
          "attributes": {
            "allocation_method": "Static",
            "domain_name_label": null,
            "edge_zone": "",
            "fqdn": null,
            "id": "/subscriptions/4a07c3ac-2897-4e40-b9f0-72c0d6eaaa0f/resourceGroups/exercicioInfraCloundTerra/providers/Microsoft.Network/publicIPAddresses/publicIp",
            "idle_timeout_in_minutes": 4,
            "ip_address": "52.165.161.44",
            "ip_tags": {},
            "ip_version": "IPv4",
            "location": "centralus",
            "name": "publicIp",
            "public_ip_prefix_id": null,
            "resource_group_name": "exercicioInfraCloundTerra",
            "reverse_fqdn": null,
            "sku": "Basic",
            "sku_tier": "Regional",
            "tags": {},
            "timeouts": null,
            "zones": []
          },
          "sensitive_attributes": [],
          "private": "eyJlMmJmYjczMC1lY2FhLTExZTYtOGY4OC0zNDM2M2JjN2M0YzAiOnsiY3JlYXRlIjoxODAwMDAwMDAwMDAwLCJkZWxldGUiOjE4MDAwMDAwMDAwMDAsInJlYWQiOjMwMDAwMDAwMDAwMCwidXBkYXRlIjoxODAwMDAwMDAwMDAwfX0=",
          "dependencies": [
            "azurerm_resource_group.rg-exercicioInfra"
          ]
        }
      ]
    },
    {
      "mode": "managed",
      "type": "azurerm_resource_group",
      "name": "rg-exercicioInfra",
      "provider": "provider[\"registry.terraform.io/hashicorp/azurerm\"]",
      "instances": [
        {
          "schema_version": 0,
          "attributes": {
            "id": "/subscriptions/4a07c3ac-2897-4e40-b9f0-72c0d6eaaa0f/resourceGroups/exercicioInfraCloundTerra",
            "location": "centralus",
            "name": "exercicioInfraCloundTerra",
            "tags": {},
            "timeouts": null
          },
          "sensitive_attributes": [],
          "private": "eyJlMmJmYjczMC1lY2FhLTExZTYtOGY4OC0zNDM2M2JjN2M0YzAiOnsiY3JlYXRlIjo1NDAwMDAwMDAwMDAwLCJkZWxldGUiOjU0MDAwMDAwMDAwMDAsInJlYWQiOjMwMDAwMDAwMDAwMCwidXBkYXRlIjo1NDAwMDAwMDAwMDAwfX0="
        }
      ]
    },
    {
      "mode": "managed",
      "type": "azurerm_storage_account",
      "name": "saExercicioInfra",
      "provider": "provider[\"registry.terraform.io/hashicorp/azurerm\"]",
      "instances": [
        {
          "schema_version": 3,
          "attributes": {
            "access_tier": "Hot",
            "account_kind": "StorageV2",
            "account_replication_type": "LRS",
            "account_tier": "Standard",
            "allow_nested_items_to_be_public": true,
            "azure_files_authentication": [],
            "blob_properties": [
              {
                "change_feed_enabled": false,
                "container_delete_retention_policy": [],
                "cors_rule": [],
                "default_service_version": "",
                "delete_retention_policy": [],
                "last_access_time_enabled": false,
                "versioning_enabled": false
              }
            ],
            "custom_domain": [],
            "customer_managed_key": [],
            "edge_zone": "",
            "enable_https_traffic_only": true,
            "id": "/subscriptions/4a07c3ac-2897-4e40-b9f0-72c0d6eaaa0f/resourceGroups/exercicioInfraCloundTerra/providers/Microsoft.Storage/storageAccounts/saexercicioinfra",
            "identity": [],
            "infrastructure_encryption_enabled": false,
            "is_hns_enabled": false,
            "large_file_share_enabled": null,
            "location": "centralus",
            "min_tls_version": "TLS1_2",
            "name": "saexercicioinfra",
            "network_rules": [
              {
                "bypass": [
                  "AzureServices"
                ],
                "default_action": "Allow",
                "ip_rules": [],
                "private_link_access": [],
                "virtual_network_subnet_ids": []
              }
            ],
            "nfsv3_enabled": false,
            "primary_access_key": "+XYHWLn05qJpRS6euqg0cGD4odIzPFRO7R308+gKfLHQVrqTHfs3jedzSEtprP6UYuymR0+7bfkP7jaUNX1ZSw==",
            "primary_blob_connection_string": "DefaultEndpointsProtocol=https;BlobEndpoint=https://saexercicioinfra.blob.core.windows.net/;AccountName=saexercicioinfra;AccountKey=+XYHWLn05qJpRS6euqg0cGD4odIzPFRO7R308+gKfLHQVrqTHfs3jedzSEtprP6UYuymR0+7bfkP7jaUNX1ZSw==",
            "primary_blob_endpoint": "https://saexercicioinfra.blob.core.windows.net/",
            "primary_blob_host": "saexercicioinfra.blob.core.windows.net",
            "primary_connection_string": "DefaultEndpointsProtocol=https;AccountName=saexercicioinfra;AccountKey=+XYHWLn05qJpRS6euqg0cGD4odIzPFRO7R308+gKfLHQVrqTHfs3jedzSEtprP6UYuymR0+7bfkP7jaUNX1ZSw==;EndpointSuffix=core.windows.net",
            "primary_dfs_endpoint": "https://saexercicioinfra.dfs.core.windows.net/",
            "primary_dfs_host": "saexercicioinfra.dfs.core.windows.net",
            "primary_file_endpoint": "https://saexercicioinfra.file.core.windows.net/",
            "primary_file_host": "saexercicioinfra.file.core.windows.net",
            "primary_location": "centralus",
            "primary_queue_endpoint": "https://saexercicioinfra.queue.core.windows.net/",
            "primary_queue_host": "saexercicioinfra.queue.core.windows.net",
            "primary_table_endpoint": "https://saexercicioinfra.table.core.windows.net/",
            "primary_table_host": "saexercicioinfra.table.core.windows.net",
            "primary_web_endpoint": "https://saexercicioinfra.z19.web.core.windows.net/",
            "primary_web_host": "saexercicioinfra.z19.web.core.windows.net",
            "queue_encryption_key_type": "Service",
            "queue_properties": [
              {
                "cors_rule": [],
                "hour_metrics": [
                  {
                    "enabled": true,
                    "include_apis": true,
                    "retention_policy_days": 7,
                    "version": "1.0"
                  }
                ],
                "logging": [
                  {
                    "delete": false,
                    "read": false,
                    "retention_policy_days": 0,
                    "version": "1.0",
                    "write": false
                  }
                ],
                "minute_metrics": [
                  {
                    "enabled": false,
                    "include_apis": false,
                    "retention_policy_days": 0,
                    "version": "1.0"
                  }
                ]
              }
            ],
            "resource_group_name": "exercicioInfraCloundTerra",
            "routing": [],
            "secondary_access_key": "4yatppt3u8oVwc78pBlIry8Nkeu8XID/ldwR4udzjXdy8EHl9LOkxG1J9P9R+gFQ8TNRSyE/paBu0jKuzHy1+A==",
            "secondary_blob_connection_string": "",
            "secondary_blob_endpoint": null,
            "secondary_blob_host": null,
            "secondary_connection_string": "DefaultEndpointsProtocol=https;AccountName=saexercicioinfra;AccountKey=4yatppt3u8oVwc78pBlIry8Nkeu8XID/ldwR4udzjXdy8EHl9LOkxG1J9P9R+gFQ8TNRSyE/paBu0jKuzHy1+A==;EndpointSuffix=core.windows.net",
            "secondary_dfs_endpoint": null,
            "secondary_dfs_host": null,
            "secondary_file_endpoint": null,
            "secondary_file_host": null,
            "secondary_location": "",
            "secondary_queue_endpoint": null,
            "secondary_queue_host": null,
            "secondary_table_endpoint": null,
            "secondary_table_host": null,
            "secondary_web_endpoint": null,
            "secondary_web_host": null,
            "share_properties": [
              {
                "cors_rule": [],
                "retention_policy": [
                  {
                    "days": 7
                  }
                ],
                "smb": []
              }
            ],
            "shared_access_key_enabled": true,
            "static_website": [],
            "table_encryption_key_type": "Service",
            "tags": {
              "faculdade": "Impacta"
            },
            "timeouts": null
          },
          "sensitive_attributes": [],
          "private": "eyJlMmJmYjczMC1lY2FhLTExZTYtOGY4OC0zNDM2M2JjN2M0YzAiOnsiY3JlYXRlIjozNjAwMDAwMDAwMDAwLCJkZWxldGUiOjM2MDAwMDAwMDAwMDAsInJlYWQiOjMwMDAwMDAwMDAwMCwidXBkYXRlIjozNjAwMDAwMDAwMDAwfSwic2NoZW1hX3ZlcnNpb24iOiIzIn0=",
          "dependencies": [
            "azurerm_resource_group.rg-exercicioInfra"
          ]
        }
      ]
    },
    {
      "mode": "managed",
      "type": "azurerm_subnet",
      "name": "subExercicioInfra",
      "provider": "provider[\"registry.terraform.io/hashicorp/azurerm\"]",
      "instances": [
        {
          "schema_version": 0,
          "attributes": {
            "address_prefixes": [
              "10.0.1.0/24"
            ],
            "delegation": [],
            "enforce_private_link_endpoint_network_policies": false,
            "enforce_private_link_service_network_policies": false,
            "id": "/subscriptions/4a07c3ac-2897-4e40-b9f0-72c0d6eaaa0f/resourceGroups/exercicioInfraCloundTerra/providers/Microsoft.Network/virtualNetworks/vnet/subnets/subnet",
            "name": "subnet",
            "resource_group_name": "exercicioInfraCloundTerra",
            "service_endpoint_policy_ids": [],
            "service_endpoints": [],
            "timeouts": null,
            "virtual_network_name": "vnet"
          },
          "sensitive_attributes": [],
          "private": "eyJlMmJmYjczMC1lY2FhLTExZTYtOGY4OC0zNDM2M2JjN2M0YzAiOnsiY3JlYXRlIjoxODAwMDAwMDAwMDAwLCJkZWxldGUiOjE4MDAwMDAwMDAwMDAsInJlYWQiOjMwMDAwMDAwMDAwMCwidXBkYXRlIjoxODAwMDAwMDAwMDAwfX0=",
          "dependencies": [
            "azurerm_resource_group.rg-exercicioInfra",
            "azurerm_virtual_network.vnet-exercicioInfra"
          ]
        }
      ]
    },
    {
      "mode": "managed",
      "type": "azurerm_virtual_network",
      "name": "vnet-exercicioInfra",
      "provider": "provider[\"registry.terraform.io/hashicorp/azurerm\"]",
      "instances": [
        {
          "schema_version": 0,
          "attributes": {
            "address_space": [
              "10.0.0.0/16"
            ],
            "bgp_community": "",
            "ddos_protection_plan": [],
            "dns_servers": [],
            "edge_zone": "",
            "flow_timeout_in_minutes": 0,
            "guid": "ea74db69-ab51-4180-837c-c8f5958db02c",
            "id": "/subscriptions/4a07c3ac-2897-4e40-b9f0-72c0d6eaaa0f/resourceGroups/exercicioInfraCloundTerra/providers/Microsoft.Network/virtualNetworks/vnet",
            "location": "centralus",
            "name": "vnet",
            "resource_group_name": "exercicioInfraCloundTerra",
            "subnet": [
              {
                "address_prefix": "10.0.1.0/24",
                "id": "/subscriptions/4a07c3ac-2897-4e40-b9f0-72c0d6eaaa0f/resourceGroups/exercicioInfraCloundTerra/providers/Microsoft.Network/virtualNetworks/vnet/subnets/subnet",
                "name": "subnet",
                "security_group": ""
              }
            ],
            "tags": {
              "aluno": "Brendo",
              "environment": "Production",
              "faculdade": "Impacta",
              "professor": "Joao",
              "turma": "TFS-04"
            },
            "timeouts": null
          },
          "sensitive_attributes": [],
          "private": "eyJlMmJmYjczMC1lY2FhLTExZTYtOGY4OC0zNDM2M2JjN2M0YzAiOnsiY3JlYXRlIjoxODAwMDAwMDAwMDAwLCJkZWxldGUiOjE4MDAwMDAwMDAwMDAsInJlYWQiOjMwMDAwMDAwMDAwMCwidXBkYXRlIjoxODAwMDAwMDAwMDAwfX0=",
          "dependencies": [
            "azurerm_resource_group.rg-exercicioInfra"
          ]
        }
      ]
    },
    {
      "mode": "managed",
      "type": "null_resource",
      "name": "install-webserver",
      "provider": "provider[\"registry.terraform.io/hashicorp/null\"]",
      "instances": [
        {
          "schema_version": 0,
          "attributes": {
            "id": "7486593363183655097",
            "triggers": null
          },
          "sensitive_attributes": [],
          "private": "bnVsbA==",
          "dependencies": [
            "azurerm_linux_virtual_machine.vmExercicioInfra",
            "azurerm_network_interface.nicExercicioInfra",
            "azurerm_public_ip.ipExercicioInfra",
            "azurerm_resource_group.rg-exercicioInfra",
            "azurerm_storage_account.saExercicioInfra",
            "azurerm_subnet.subExercicioInfra",
            "azurerm_virtual_network.vnet-exercicioInfra",
            "data.azurerm_public_ip.ipexercicioInfradata"
          ]
        }
      ]
    }
  ]
}
